// !$*UTF8*$!
{
	archiveVersion = 1;
	classes = {
	};
	objectVersion = 77;
	objects = {

/* Begin PBXContainerItemProxy section */
		A2CDD9C32D8EB9FA00756F08 /* PBXContainerItemProxy */ = {
			isa = PBXContainerItemProxy;
			containerPortal = A2CDD9AA2D8EB9F900756F08 /* Project object */;
			proxyType = 1;
			remoteGlobalIDString = A2CDD9B12D8EB9F900756F08;
			remoteInfo = "Grocery List App";
		};
		A2CDD9CD2D8EB9FA00756F08 /* PBXContainerItemProxy */ = {
			isa = PBXContainerItemProxy;
			containerPortal = A2CDD9AA2D8EB9F900756F08 /* Project object */;
			proxyType = 1;
			remoteGlobalIDString = A2CDD9B12D8EB9F900756F08;
			remoteInfo = "Grocery List App";
		};
/* End PBXContainerItemProxy section */

/* Begin PBXFileReference section */
		A2CDD9B22D8EB9F900756F08 /* Grocery List App.app */ = {isa = PBXFileReference; explicitFileType = wrapper.application; includeInIndex = 0; path = "Grocery List App.app"; sourceTree = BUILT_PRODUCTS_DIR; };
		A2CDD9C22D8EB9FA00756F08 /* Grocery List AppTests.xctest */ = {isa = PBXFileReference; explicitFileType = wrapper.cfbundle; includeInIndex = 0; path = "Grocery List AppTests.xctest"; sourceTree = BUILT_PRODUCTS_DIR; };
		A2CDD9CC2D8EB9FA00756F08 /* Grocery List AppUITests.xctest */ = {isa = PBXFileReference; explicitFileType = wrapper.cfbundle; includeInIndex = 0; path = "Grocery List AppUITests.xctest"; sourceTree = BUILT_PRODUCTS_DIR; };
/* End PBXFileReference section */

/* Begin PBXFileSystemSynchronizedRootGroup section */
		A2CDD9B42D8EB9F900756F08 /* Grocery List App */ = {
			isa = PBXFileSystemSynchronizedRootGroup;
			path = "Grocery List App";
			sourceTree = "<group>";
		};
		A2CDD9C52D8EB9FA00756F08 /* Grocery List AppTests */ = {
			isa = PBXFileSystemSynchronizedRootGroup;
			path = "Grocery List AppTests";
			sourceTree = "<group>";
		};
		A2CDD9CF2D8EB9FA00756F08 /* Grocery List AppUITests */ = {
			isa = PBXFileSystemSynchronizedRootGroup;
			path = "Grocery List AppUITests";
			sourceTree = "<group>";
		};
/* End PBXFileSystemSynchronizedRootGroup section */

/* Begin PBXFrameworksBuildPhase section */
		A2CDD9AF2D8EB9F900756F08 /* Frameworks */ = {
			isa = PBXFrameworksBuildPhase;
			buildActionMask = 2147483647;
			files = (
			);
			runOnlyForDeploymentPostprocessing = 0;
		};
		A2CDD9BF2D8EB9FA00756F08 /* Frameworks */ = {
			isa = PBXFrameworksBuildPhase;
			buildActionMask = 2147483647;
			files = (
			);
			runOnlyForDeploymentPostprocessing = 0;
		};
		A2CDD9C92D8EB9FA00756F08 /* Frameworks */ = {
			isa = PBXFrameworksBuildPhase;
			buildActionMask = 2147483647;
			files = (
			);
			runOnlyForDeploymentPostprocessing = 0;
		};
/* End PBXFrameworksBuildPhase section */

/* Begin PBXGroup section */
		A2CDD9A92D8EB9F900756F08 = {
			isa = PBXGroup;
			children = (
				A2CDD9B42D8EB9F900756F08 /* Grocery List App */,
				A2CDD9C52D8EB9FA00756F08 /* Grocery List AppTests */,
				A2CDD9CF2D8EB9FA00756F08 /* Grocery List AppUITests */,
				A2CDD9B32D8EB9F900756F08 /* Products */,
			);
			sourceTree = "<group>";
		};
		A2CDD9B32D8EB9F900756F08 /* Products */ = {
			isa = PBXGroup;
			children = (
				A2CDD9B22D8EB9F900756F08 /* Grocery List App.app */,
				A2CDD9C22D8EB9FA00756F08 /* Grocery List AppTests.xctest */,
				A2CDD9CC2D8EB9FA00756F08 /* Grocery List AppUITests.xctest */,
			);
			name = Products;
			sourceTree = "<group>";
		};
/* End PBXGroup section */

/* Begin PBXNativeTarget section */
		A2CDD9B12D8EB9F900756F08 /* Grocery List App */ = {
			isa = PBXNativeTarget;
			buildConfigurationList = A2CDD9D62D8EB9FA00756F08 /* Build configuration list for PBXNativeTarget "Grocery List App" */;
			buildPhases = (
				A2CDD9AE2D8EB9F900756F08 /* Sources */,
				A2CDD9AF2D8EB9F900756F08 /* Frameworks */,
				A2CDD9B02D8EB9F900756F08 /* Resources */,
			);
			buildRules = (
			);
			dependencies = (
			);
			fileSystemSynchronizedGroups = (
				A2CDD9B42D8EB9F900756F08 /* Grocery List App */,
			);
			name = "Grocery List App";
			packageProductDependencies = (
			);
			productName = "Grocery List App";
			productReference = A2CDD9B22D8EB9F900756F08 /* Grocery List App.app */;
			productType = "com.apple.product-type.application";
		};
		A2CDD9C12D8EB9FA00756F08 /* Grocery List AppTests */ = {
			isa = PBXNativeTarget;
			buildConfigurationList = A2CDD9D92D8EB9FA00756F08 /* Build configuration list for PBXNativeTarget "Grocery List AppTests" */;
			buildPhases = (
				A2CDD9BE2D8EB9FA00756F08 /* Sources */,
				A2CDD9BF2D8EB9FA00756F08 /* Frameworks */,
				A2CDD9C02D8EB9FA00756F08 /* Resources */,
			);
			buildRules = (
			);
			dependencies = (
				A2CDD9C42D8EB9FA00756F08 /* PBXTargetDependency */,
			);
			fileSystemSynchronizedGroups = (
				A2CDD9C52D8EB9FA00756F08 /* Grocery List AppTests */,
			);
			name = "Grocery List AppTests";
			packageProductDependencies = (
			);
			productName = "Grocery List AppTests";
			productReference = A2CDD9C22D8EB9FA00756F08 /* Grocery List AppTests.xctest */;
			productType = "com.apple.product-type.bundle.unit-test";
		};
		A2CDD9CB2D8EB9FA00756F08 /* Grocery List AppUITests */ = {
			isa = PBXNativeTarget;
			buildConfigurationList = A2CDD9DC2D8EB9FA00756F08 /* Build configuration list for PBXNativeTarget "Grocery List AppUITests" */;
			buildPhases = (
				A2CDD9C82D8EB9FA00756F08 /* Sources */,
				A2CDD9C92D8EB9FA00756F08 /* Frameworks */,
				A2CDD9CA2D8EB9FA00756F08 /* Resources */,
			);
			buildRules = (
			);
			dependencies = (
				A2CDD9CE2D8EB9FA00756F08 /* PBXTargetDependency */,
			);
			fileSystemSynchronizedGroups = (
				A2CDD9CF2D8EB9FA00756F08 /* Grocery List AppUITests */,
			);
			name = "Grocery List AppUITests";
			packageProductDependencies = (
			);
			productName = "Grocery List AppUITests";
			productReference = A2CDD9CC2D8EB9FA00756F08 /* Grocery List AppUITests.xctest */;
			productType = "com.apple.product-type.bundle.ui-testing";
		};
/* End PBXNativeTarget section */

/* Begin PBXProject section */
		A2CDD9AA2D8EB9F900756F08 /* Project object */ = {
			isa = PBXProject;
			attributes = {
				BuildIndependentTargetsInParallel = 1;
				LastSwiftUpdateCheck = 1620;
				LastUpgradeCheck = 1630;
				TargetAttributes = {
					A2CDD9B12D8EB9F900756F08 = {
						CreatedOnToolsVersion = 16.2;
					};
					A2CDD9C12D8EB9FA00756F08 = {
						CreatedOnToolsVersion = 16.2;
						TestTargetID = A2CDD9B12D8EB9F900756F08;
					};
					A2CDD9CB2D8EB9FA00756F08 = {
						CreatedOnToolsVersion = 16.2;
						TestTargetID = A2CDD9B12D8EB9F900756F08;
					};
				};
			};
			buildConfigurationList = A2CDD9AD2D8EB9F900756F08 /* Build configuration list for PBXProject "Grocery List App" */;
			developmentRegion = en;
			hasScannedForEncodings = 0;
			knownRegions = (
				en,
				Base,
			);
			mainGroup = A2CDD9A92D8EB9F900756F08;
			minimizedProjectReferenceProxies = 1;
			packageReferences = (
			);
			preferredProjectObjectVersion = 77;
			productRefGroup = A2CDD9B32D8EB9F900756F08 /* Products */;
			projectDirPath = "";
			projectRoot = "";
			targets = (
				A2CDD9B12D8EB9F900756F08 /* Grocery List App */,
				A2CDD9C12D8EB9FA00756F08 /* Grocery List AppTests */,
				A2CDD9CB2D8EB9FA00756F08 /* Grocery List AppUITests */,
			);
		};
/* End PBXProject section */

/* Begin PBXResourcesBuildPhase section */
		A2CDD9B02D8EB9F900756F08 /* Resources */ = {
			isa = PBXResourcesBuildPhase;
			buildActionMask = 2147483647;
			files = (
			);
			runOnlyForDeploymentPostprocessing = 0;
		};
		A2CDD9C02D8EB9FA00756F08 /* Resources */ = {
			isa = PBXResourcesBuildPhase;
			buildActionMask = 2147483647;
			files = (
			);
			runOnlyForDeploymentPostprocessing = 0;
		};
		A2CDD9CA2D8EB9FA00756F08 /* Resources */ = {
			isa = PBXResourcesBuildPhase;
			buildActionMask = 2147483647;
			files = (
			);
			runOnlyForDeploymentPostprocessing = 0;
		};
/* End PBXResourcesBuildPhase section */

/* Begin PBXSourcesBuildPhase section */
		A2CDD9AE2D8EB9F900756F08 /* Sources */ = {
			isa = PBXSourcesBuildPhase;
			buildActionMask = 2147483647;
			files = (
			);
			runOnlyForDeploymentPostprocessing = 0;
		};
		A2CDD9BE2D8EB9FA00756F08 /* Sources */ = {
			isa = PBXSourcesBuildPhase;
			buildActionMask = 2147483647;
			files = (
			);
			runOnlyForDeploymentPostprocessing = 0;
		};
		A2CDD9C82D8EB9FA00756F08 /* Sources */ = {
			isa = PBXSourcesBuildPhase;
			buildActionMask = 2147483647;
			files = (
			);
			runOnlyForDeploymentPostprocessing = 0;
		};
/* End PBXSourcesBuildPhase section */

/* Begin PBXTargetDependency section */
		A2CDD9C42D8EB9FA00756F08 /* PBXTargetDependency */ = {
			isa = PBXTargetDependency;
			target = A2CDD9B12D8EB9F900756F08 /* Grocery List App */;
			targetProxy = A2CDD9C32D8EB9FA00756F08 /* PBXContainerItemProxy */;
		};
		A2CDD9CE2D8EB9FA00756F08 /* PBXTargetDependency */ = {
			isa = PBXTargetDependency;
			target = A2CDD9B12D8EB9F900756F08 /* Grocery List App */;
			targetProxy = A2CDD9CD2D8EB9FA00756F08 /* PBXContainerItemProxy */;
		};
/* End PBXTargetDependency section */

/* Begin XCBuildConfiguration section */
		A2CDD9D42D8EB9FA00756F08 /* Debug */ = {
			isa = XCBuildConfiguration;
			buildSettings = {
				ALWAYS_SEARCH_USER_PATHS = NO;
				ASSETCATALOG_COMPILER_GENERATE_SWIFT_ASSET_SYMBOL_EXTENSIONS = YES;
				CLANG_ANALYZER_NONNULL = YES;
				CLANG_ANALYZER_NUMBER_OBJECT_CONVERSION = YES_AGGRESSIVE;
				CLANG_CXX_LANGUAGE_STANDARD = "gnu++20";
				CLANG_ENABLE_MODULES = YES;
				CLANG_ENABLE_OBJC_ARC = YES;
				CLANG_ENABLE_OBJC_WEAK = YES;
				CLANG_WARN_BLOCK_CAPTURE_AUTORELEASING = YES;
				CLANG_WARN_BOOL_CONVERSION = YES;
				CLANG_WARN_COMMA = YES;
				CLANG_WARN_CONSTANT_CONVERSION = YES;
				CLANG_WARN_DEPRECATED_OBJC_IMPLEMENTATIONS = YES;
				CLANG_WARN_DIRECT_OBJC_ISA_USAGE = YES_ERROR;
				CLANG_WARN_DOCUMENTATION_COMMENTS = YES;
				CLANG_WARN_EMPTY_BODY = YES;
				CLANG_WARN_ENUM_CONVERSION = YES;
				CLANG_WARN_INFINITE_RECURSION = YES;
				CLANG_WARN_INT_CONVERSION = YES;
				CLANG_WARN_NON_LITERAL_NULL_CONVERSION = YES;
				CLANG_WARN_OBJC_IMPLICIT_RETAIN_SELF = YES;
				CLANG_WARN_OBJC_LITERAL_CONVERSION = YES;
				CLANG_WARN_OBJC_ROOT_CLASS = YES_ERROR;
				CLANG_WARN_QUOTED_INCLUDE_IN_FRAMEWORK_HEADER = YES;
				CLANG_WARN_RANGE_LOOP_ANALYSIS = YES;
				CLANG_WARN_STRICT_PROTOTYPES = YES;
				CLANG_WARN_SUSPICIOUS_MOVE = YES;
				CLANG_WARN_UNGUARDED_AVAILABILITY = YES_AGGRESSIVE;
				CLANG_WARN_UNREACHABLE_CODE = YES;
				CLANG_WARN__DUPLICATE_METHOD_MATCH = YES;
				COPY_PHASE_STRIP = NO;
				DEBUG_INFORMATION_FORMAT = dwarf;
				DEVELOPMENT_TEAM = 56UPPBN2CM;
				ENABLE_STRICT_OBJC_MSGSEND = YES;
				ENABLE_TESTABILITY = YES;
				ENABLE_USER_SCRIPT_SANDBOXING = YES;
				GCC_C_LANGUAGE_STANDARD = gnu17;
				GCC_DYNAMIC_NO_PIC = NO;
				GCC_NO_COMMON_BLOCKS = YES;
				GCC_OPTIMIZATION_LEVEL = 0;
				GCC_PREPROCESSOR_DEFINITIONS = (
					"DEBUG=1",
					"$(inherited)",
				);
				GCC_WARN_64_TO_32_BIT_CONVERSION = YES;
				GCC_WARN_ABOUT_RETURN_TYPE = YES_ERROR;
				GCC_WARN_UNDECLARED_SELECTOR = YES;
				GCC_WARN_UNINITIALIZED_AUTOS = YES_AGGRESSIVE;
				GCC_WARN_UNUSED_FUNCTION = YES;
				GCC_WARN_UNUSED_VARIABLE = YES;
				IPHONEOS_DEPLOYMENT_TARGET = 18.2;
				LOCALIZATION_PREFERS_STRING_CATALOGS = YES;
				MTL_ENABLE_DEBUG_INFO = INCLUDE_SOURCE;
				MTL_FAST_MATH = YES;
				ONLY_ACTIVE_ARCH = YES;
				SDKROOT = iphoneos;
				SWIFT_ACTIVE_COMPILATION_CONDITIONS = "DEBUG $(inherited)";
				SWIFT_OPTIMIZATION_LEVEL = "-Onone";
			};
			name = Debug;
		};
		A2CDD9D52D8EB9FA00756F08 /* Release */ = {
			isa = XCBuildConfiguration;
			buildSettings = {
				ALWAYS_SEARCH_USER_PATHS = NO;
				ASSETCATALOG_COMPILER_GENERATE_SWIFT_ASSET_SYMBOL_EXTENSIONS = YES;
				CLANG_ANALYZER_NONNULL = YES;
				CLANG_ANALYZER_NUMBER_OBJECT_CONVERSION = YES_AGGRESSIVE;
				CLANG_CXX_LANGUAGE_STANDARD = "gnu++20";
				CLANG_ENABLE_MODULES = YES;
				CLANG_ENABLE_OBJC_ARC = YES;
				CLANG_ENABLE_OBJC_WEAK = YES;
				CLANG_WARN_BLOCK_CAPTURE_AUTORELEASING = YES;
				CLANG_WARN_BOOL_CONVERSION = YES;
				CLANG_WARN_COMMA = YES;
				CLANG_WARN_CONSTANT_CONVERSION = YES;
				CLANG_WARN_DEPRECATED_OBJC_IMPLEMENTATIONS = YES;
				CLANG_WARN_DIRECT_OBJC_ISA_USAGE = YES_ERROR;
				CLANG_WARN_DOCUMENTATION_COMMENTS = YES;
				CLANG_WARN_EMPTY_BODY = YES;
				CLANG_WARN_ENUM_CONVERSION = YES;
				CLANG_WARN_INFINITE_RECURSION = YES;
				CLANG_WARN_INT_CONVERSION = YES;
				CLANG_WARN_NON_LITERAL_NULL_CONVERSION = YES;
				CLANG_WARN_OBJC_IMPLICIT_RETAIN_SELF = YES;
				CLANG_WARN_OBJC_LITERAL_CONVERSION = YES;
				CLANG_WARN_OBJC_ROOT_CLASS = YES_ERROR;
				CLANG_WARN_QUOTED_INCLUDE_IN_FRAMEWORK_HEADER = YES;
				CLANG_WARN_RANGE_LOOP_ANALYSIS = YES;
				CLANG_WARN_STRICT_PROTOTYPES = YES;
				CLANG_WARN_SUSPICIOUS_MOVE = YES;
				CLANG_WARN_UNGUARDED_AVAILABILITY = YES_AGGRESSIVE;
				CLANG_WARN_UNREACHABLE_CODE = YES;
				CLANG_WARN__DUPLICATE_METHOD_MATCH = YES;
				COPY_PHASE_STRIP = NO;
				DEBUG_INFORMATION_FORMAT = "dwarf-with-dsym";
				DEVELOPMENT_TEAM = 56UPPBN2CM;
				ENABLE_NS_ASSERTIONS = NO;
				ENABLE_STRICT_OBJC_MSGSEND = YES;
				ENABLE_USER_SCRIPT_SANDBOXING = YES;
				GCC_C_LANGUAGE_STANDARD = gnu17;
				GCC_NO_COMMON_BLOCKS = YES;
				GCC_WARN_64_TO_32_BIT_CONVERSION = YES;
				GCC_WARN_ABOUT_RETURN_TYPE = YES_ERROR;
				GCC_WARN_UNDECLARED_SELECTOR = YES;
				GCC_WARN_UNINITIALIZED_AUTOS = YES_AGGRESSIVE;
				GCC_WARN_UNUSED_FUNCTION = YES;
				GCC_WARN_UNUSED_VARIABLE = YES;
				IPHONEOS_DEPLOYMENT_TARGET = 18.2;
				LOCALIZATION_PREFERS_STRING_CATALOGS = YES;
				MTL_ENABLE_DEBUG_INFO = NO;
				MTL_FAST_MATH = YES;
				SDKROOT = iphoneos;
				SWIFT_COMPILATION_MODE = wholemodule;
				VALIDATE_PRODUCT = YES;
			};
			name = Release;
		};
		A2CDD9D72D8EB9FA00756F08 /* Debug */ = {
			isa = XCBuildConfiguration;
			buildSettings = {
				ASSETCATALOG_COMPILER_APPICON_NAME = AppIcon;
				ASSETCATALOG_COMPILER_GLOBAL_ACCENT_COLOR_NAME = AccentColor;
				CODE_SIGN_STYLE = Automatic;
				CURRENT_PROJECT_VERSION = 1;
				DEVELOPMENT_ASSET_PATHS = "\"Grocery List App/Preview Content\"";
				ENABLE_PREVIEWS = YES;
				GENERATE_INFOPLIST_FILE = YES;
				INFOPLIST_KEY_LSApplicationCategoryType = "public.app-category.food-and-drink";
				INFOPLIST_KEY_UIApplicationSceneManifest_Generation = YES;
				INFOPLIST_KEY_UIApplicationSupportsIndirectInputEvents = YES;
				INFOPLIST_KEY_UILaunchScreen_Generation = YES;
				INFOPLIST_KEY_UISupportedInterfaceOrientations_iPad = "UIInterfaceOrientationPortrait UIInterfaceOrientationPortraitUpsideDown UIInterfaceOrientationLandscapeLeft UIInterfaceOrientationLandscapeRight";
				INFOPLIST_KEY_UISupportedInterfaceOrientations_iPhone = "UIInterfaceOrientationPortrait UIInterfaceOrientationLandscapeLeft UIInterfaceOrientationLandscapeRight";
				LD_RUNPATH_SEARCH_PATHS = (
					"$(inherited)",
					"@executable_path/Frameworks",
				);
				MARKETING_VERSION = 1.0;
				PRODUCT_BUNDLE_IDENTIFIER = com.haft.whiskr;
				PRODUCT_NAME = "$(TARGET_NAME)";
				SWIFT_EMIT_LOC_STRINGS = YES;
				SWIFT_VERSION = 5.0;
				TARGETED_DEVICE_FAMILY = "1,2";
			};
			name = Debug;
		};
		A2CDD9D82D8EB9FA00756F08 /* Release */ = {
			isa = XCBuildConfiguration;
			buildSettings = {
				ASSETCATALOG_COMPILER_APPICON_NAME = AppIcon;
				ASSETCATALOG_COMPILER_GLOBAL_ACCENT_COLOR_NAME = AccentColor;
				CODE_SIGN_STYLE = Automatic;
				CURRENT_PROJECT_VERSION = 1;
				DEVELOPMENT_ASSET_PATHS = "\"Grocery List App/Preview Content\"";
				ENABLE_PREVIEWS = YES;
				GENERATE_INFOPLIST_FILE = YES;
				INFOPLIST_KEY_LSApplicationCategoryType = "public.app-category.food-and-drink";
				INFOPLIST_KEY_UIApplicationSceneManifest_Generation = YES;
				INFOPLIST_KEY_UIApplicationSupportsIndirectInputEvents = YES;
				INFOPLIST_KEY_UILaunchScreen_Generation = YES;
				INFOPLIST_KEY_UISupportedInterfaceOrientations_iPad = "UIInterfaceOrientationPortrait UIInterfaceOrientationPortraitUpsideDown UIInterfaceOrientationLandscapeLeft UIInterfaceOrientationLandscapeRight";
				INFOPLIST_KEY_UISupportedInterfaceOrientations_iPhone = "UIInterfaceOrientationPortrait UIInterfaceOrientationLandscapeLeft UIInterfaceOrientationLandscapeRight";
				LD_RUNPATH_SEARCH_PATHS = (
					"$(inherited)",
					"@executable_path/Frameworks",
				);
				MARKETING_VERSION = 1.0;
				PRODUCT_BUNDLE_IDENTIFIER = com.haft.whiskr;
				PRODUCT_NAME = "$(TARGET_NAME)";
				SWIFT_EMIT_LOC_STRINGS = YES;
				SWIFT_VERSION = 5.0;
				TARGETED_DEVICE_FAMILY = "1,2";
			};
			name = Release;
		};
		A2CDD9DA2D8EB9FA00756F08 /* Debug */ = {
			isa = XCBuildConfiguration;
			buildSettings = {
				BUNDLE_LOADER = "$(TEST_HOST)";
				CODE_SIGN_STYLE = Automatic;
				CURRENT_PROJECT_VERSION = 1;
				GENERATE_INFOPLIST_FILE = YES;
				IPHONEOS_DEPLOYMENT_TARGET = 18.2;
				MARKETING_VERSION = 1.0;
				PRODUCT_BUNDLE_IDENTIFIER = "com.haft.Grocery-List-AppTests";
				PRODUCT_NAME = "$(TARGET_NAME)";
				SWIFT_EMIT_LOC_STRINGS = NO;
				SWIFT_VERSION = 5.0;
				TARGETED_DEVICE_FAMILY = "1,2";
				TEST_HOST = "$(BUILT_PRODUCTS_DIR)/Grocery List App.app/$(BUNDLE_EXECUTABLE_FOLDER_PATH)/Grocery List App";
			};
			name = Debug;
		};
		A2CDD9DB2D8EB9FA00756F08 /* Release */ = {
			isa = XCBuildConfiguration;
			buildSettings = {
				BUNDLE_LOADER = "$(TEST_HOST)";
				CODE_SIGN_STYLE = Automatic;
				CURRENT_PROJECT_VERSION = 1;
				GENERATE_INFOPLIST_FILE = YES;
				IPHONEOS_DEPLOYMENT_TARGET = 18.2;
				MARKETING_VERSION = 1.0;
				PRODUCT_BUNDLE_IDENTIFIER = "com.haft.Grocery-List-AppTests";
				PRODUCT_NAME = "$(TARGET_NAME)";
				SWIFT_EMIT_LOC_STRINGS = NO;
				SWIFT_VERSION = 5.0;
				TARGETED_DEVICE_FAMILY = "1,2";
				TEST_HOST = "$(BUILT_PRODUCTS_DIR)/Grocery List App.app/$(BUNDLE_EXECUTABLE_FOLDER_PATH)/Grocery List App";
			};
			name = Release;
		};
		A2CDD9DD2D8EB9FA00756F08 /* Debug */ = {
			isa = XCBuildConfiguration;
			buildSettings = {
				CODE_SIGN_STYLE = Automatic;
				CURRENT_PROJECT_VERSION = 1;
				GENERATE_INFOPLIST_FILE = YES;
				MARKETING_VERSION = 1.0;
				PRODUCT_BUNDLE_IDENTIFIER = "com.haft.Grocery-List-AppUITests";
				PRODUCT_NAME = "$(TARGET_NAME)";
				SWIFT_EMIT_LOC_STRINGS = NO;
				SWIFT_VERSION = 5.0;
				TARGETED_DEVICE_FAMILY = "1,2";
				TEST_TARGET_NAME = "Grocery List App";
			};
			name = Debug;
		};
		A2CDD9DE2D8EB9FA00756F08 /* Release */ = {
			isa = XCBuildConfiguration;
			buildSettings = {
				CODE_SIGN_STYLE = Automatic;
				CURRENT_PROJECT_VERSION = 1;
				GENERATE_INFOPLIST_FILE = YES;
				MARKETING_VERSION = 1.0;
				PRODUCT_BUNDLE_IDENTIFIER = "com.haft.Grocery-List-AppUITests";
				PRODUCT_NAME = "$(TARGET_NAME)";
				SWIFT_EMIT_LOC_STRINGS = NO;
				SWIFT_VERSION = 5.0;
				TARGETED_DEVICE_FAMILY = "1,2";
				TEST_TARGET_NAME = "Grocery List App";
			};
			name = Release;
		};
/* End XCBuildConfiguration section */

/* Begin XCConfigurationList section */
		A2CDD9AD2D8EB9F900756F08 /* Build configuration list for PBXProject "Grocery List App" */ = {
			isa = XCConfigurationList;
			buildConfigurations = (
				A2CDD9D42D8EB9FA00756F08 /* Debug */,
				A2CDD9D52D8EB9FA00756F08 /* Release */,
			);
			defaultConfigurationIsVisible = 0;
			defaultConfigurationName = Release;
		};
		A2CDD9D62D8EB9FA00756F08 /* Build configuration list for PBXNativeTarget "Grocery List App" */ = {
			isa = XCConfigurationList;
			buildConfigurations = (
				A2CDD9D72D8EB9FA00756F08 /* Debug */,
				A2CDD9D82D8EB9FA00756F08 /* Release */,
			);
			defaultConfigurationIsVisible = 0;
			defaultConfigurationName = Release;
		};
		A2CDD9D92D8EB9FA00756F08 /* Build configuration list for PBXNativeTarget "Grocery List AppTests" */ = {
			isa = XCConfigurationList;
			buildConfigurations = (
				A2CDD9DA2D8EB9FA00756F08 /* Debug */,
				A2CDD9DB2D8EB9FA00756F08 /* Release */,
			);
			defaultConfigurationIsVisible = 0;
			defaultConfigurationName = Release;
		};
		A2CDD9DC2D8EB9FA00756F08 /* Build configuration list for PBXNativeTarget "Grocery List AppUITests" */ = {
			isa = XCConfigurationList;
			buildConfigurations = (
				A2CDD9DD2D8EB9FA00756F08 /* Debug */,
				A2CDD9DE2D8EB9FA00756F08 /* Release */,
			);
			defaultConfigurationIsVisible = 0;
			defaultConfigurationName = Release;
		};
/* End XCConfigurationList section */
	};
	rootObject = A2CDD9AA2D8EB9F900756F08 /* Project object */;
}
